{
  "name": "helvette.github.io",
  "version": "1.0.0",
  "lockfileVersion": 1,
  "requires": true,
  "dependencies": {
    "devicon": {
      "version": "2.0.0",
      "resolved": "https://registry.npmjs.org/devicon/-/devicon-2.0.0.tgz",
      "integrity": "sha1-Y3SijBhWGr4VcgrwHcpeoJU81Rs="
    },
    "typed.js": {
      "version": "2.0.6",
      "resolved": "https://registry.npmjs.org/typed.js/-/typed.js-2.0.6.tgz",
      "integrity": "sha512-aGmMVR/J3fD4Dm3WWs1xb44ts47oQnYVgm2RF4BTMDdMpQIru0Jqa/lOkEzcS6eQWucA0lQl08rHgmNdvXkycQ=="
    }
  }
}
